# THIS IS AN AUTOGENERATED FILE. DO NOT EDIT THIS FILE DIRECTLY.
# yarn lockfile v1


faye-websocket@^0.11.1:
  version "0.11.1"
  resolved "https://registry.yarnpkg.com/faye-websocket/-/faye-websocket-0.11.1.tgz#f0efe18c4f56e4f40afc7e06c719fd5ee6188f38"
  dependencies:
    websocket-driver ">=0.5.1"

http-parser-js@>=0.4.0:
  version "0.4.8"
  resolved "https://registry.yarnpkg.com/http-parser-js/-/http-parser-js-0.4.8.tgz#763f75c4b771a0bb44653b07070bff6ca7bc5561"

node-static@0.5.9:
  version "0.5.9"
  resolved "https://registry.yarnpkg.com/node-static/-/node-static-0.5.9.tgz#2f5bf30949e1735958266c269413aebce8cbe899"

"sockjs@file:../../":
  version "1.0.0"
  dependencies:
    faye-websocket "^0.11.1"
    uuid "^3.1.0"

uuid@^3.1.0:
  version "3.1.0"
  resolved "https://registry.yarnpkg.com/uuid/-/uuid-3.1.0.tgz#3dd3d3e790abc24d7b0d3a034ffababe28ebbc04"

websocket-driver@>=0.5.1:
  version "0.7.0"
  resolved "https://registry.yarnpkg.com/websocket-driver/-/websocket-driver-0.7.0.tgz#0caf9d2d755d93aee049d4bdd0d3fe2cca2a24eb"
  dependencies:
    http-parser-js ">=0.4.0"
    websocket-extensions ">=0.1.1"

websocket-extensions@>=0.1.1:
  version "0.1.2"
  resolved "https://registry.yarnpkg.com/websocket-extensions/-/websocket-extensions-0.1.2.tgz#0e18781de629a18308ce1481650f67ffa2693a5d"
